// !$*UTF8*$!
{
	archiveVersion = 1;
	classes = {
	};
	objectVersion = 48;
	objects = {

/* Begin PBXBuildFile section */
		3FB4E907215E12DB006C32A9 /* AppDelegate.swift in Sources */ = {isa = PBXBuildFile; fileRef = 3FB4E906215E12DB006C32A9 /* AppDelegate.swift */; };
		3FB4E909215E12DB006C32A9 /* ViewController.swift in Sources */ = {isa = PBXBuildFile; fileRef = 3FB4E908215E12DB006C32A9 /* ViewController.swift */; };
		3FB4E90C215E12DB006C32A9 /* Main.storyboard in Resources */ = {isa = PBXBuildFile; fileRef = 3FB4E90A215E12DB006C32A9 /* Main.storyboard */; };
		3FB4E90E215E12DB006C32A9 /* Assets.xcassets in Resources */ = {isa = PBXBuildFile; fileRef = 3FB4E90D215E12DB006C32A9 /* Assets.xcassets */; };
		3FB4E911215E12DB006C32A9 /* LaunchScreen.storyboard in Resources */ = {isa = PBXBuildFile; fileRef = 3FB4E90F215E12DB006C32A9 /* LaunchScreen.storyboard */; };
		3FB4E91C215E12DB006C32A9 /* Demo2Tests.swift in Sources */ = {isa = PBXBuildFile; fileRef = 3FB4E91B215E12DB006C32A9 /* Demo2Tests.swift */; };
		3FB4E927215E12DB006C32A9 /* Demo2UITests.swift in Sources */ = {isa = PBXBuildFile; fileRef = 3FB4E926215E12DB006C32A9 /* Demo2UITests.swift */; };
/* End PBXBuildFile section */

/* Begin PBXContainerItemProxy section */
		3FB4E918215E12DB006C32A9 /* PBXContainerItemProxy */ = {
			isa = PBXContainerItemProxy;
			containerPortal = 3FB4E8FB215E12DB006C32A9 /* Project object */;
			proxyType = 1;
			remoteGlobalIDString = 3FB4E902215E12DB006C32A9;
			remoteInfo = Demo2;
		};
		3FB4E923215E12DB006C32A9 /* PBXContainerItemProxy */ = {
			isa = PBXContainerItemProxy;
			containerPortal = 3FB4E8FB215E12DB006C32A9 /* Project object */;
			proxyType = 1;
			remoteGlobalIDString = 3FB4E902215E12DB006C32A9;
			remoteInfo = Demo2;
		};
/* End PBXContainerItemProxy section */

/* Begin PBXFileReference section */
		3FB4E903215E12DB006C32A9 /* Demo2.app */ = {isa = PBXFileReference; explicitFileType = wrapper.application; includeInIndex = 0; path = Demo2.app; sourceTree = BUILT_PRODUCTS_DIR; };
		3FB4E906215E12DB006C32A9 /* AppDelegate.swift */ = {isa = PBXFileReference; lastKnownFileType = sourcecode.swift; path = AppDelegate.swift; sourceTree = "<group>"; };
		3FB4E908215E12DB006C32A9 /* ViewController.swift */ = {isa = PBXFileReference; lastKnownFileType = sourcecode.swift; path = ViewController.swift; sourceTree = "<group>"; };
		3FB4E90B215E12DB006C32A9 /* Base */ = {isa = PBXFileReference; lastKnownFileType = file.storyboard; name = Base; path = Base.lproj/Main.storyboard; sourceTree = "<group>"; };
		3FB4E90D215E12DB006C32A9 /* Assets.xcassets */ = {isa = PBXFileReference; lastKnownFileType = folder.assetcatalog; path = Assets.xcassets; sourceTree = "<group>"; };
		3FB4E910215E12DB006C32A9 /* Base */ = {isa = PBXFileReference; lastKnownFileType = file.storyboard; name = Base; path = Base.lproj/LaunchScreen.storyboard; sourceTree = "<group>"; };
		3FB4E912215E12DB006C32A9 /* Info.plist */ = {isa = PBXFileReference; lastKnownFileType = text.plist.xml; path = Info.plist; sourceTree = "<group>"; };
		3FB4E917215E12DB006C32A9 /* Demo2Tests.xctest */ = {isa = PBXFileReference; explicitFileType = wrapper.cfbundle; includeInIndex = 0; path = Demo2Tests.xctest; sourceTree = BUILT_PRODUCTS_DIR; };
		3FB4E91B215E12DB006C32A9 /* Demo2Tests.swift */ = {isa = PBXFileReference; lastKnownFileType = sourcecode.swift; path = Demo2Tests.swift; sourceTree = "<group>"; };
		3FB4E91D215E12DB006C32A9 /* Info.plist */ = {isa = PBXFileReference; lastKnownFileType = text.plist.xml; path = Info.plist; sourceTree = "<group>"; };
		3FB4E922215E12DB006C32A9 /* Demo2UITests.xctest */ = {isa = PBXFileReference; explicitFileType = wrapper.cfbundle; includeInIndex = 0; path = Demo2UITests.xctest; sourceTree = BUILT_PRODUCTS_DIR; };
		3FB4E926215E12DB006C32A9 /* Demo2UITests.swift */ = {isa = PBXFileReference; lastKnownFileType = sourcecode.swift; path = Demo2UITests.swift; sourceTree = "<group>"; };
		3FB4E928215E12DB006C32A9 /* Info.plist */ = {isa = PBXFileReference; lastKnownFileType = text.plist.xml; path = Info.plist; sourceTree = "<group>"; };
/* End PBXFileReference section */

/* Begin PBXFrameworksBuildPhase section */
		3FB4E900215E12DB006C32A9 /* Frameworks */ = {
			isa = PBXFrameworksBuildPhase;
			buildActionMask = 2147483647;
			files = (
			);
			runOnlyForDeploymentPostprocessing = 0;
		};
		3FB4E914215E12DB006C32A9 /* Frameworks */ = {
			isa = PBXFrameworksBuildPhase;
			buildActionMask = 2147483647;
			files = (
			);
			runOnlyForDeploymentPostprocessing = 0;
		};
		3FB4E91F215E12DB006C32A9 /* Frameworks */ = {
			isa = PBXFrameworksBuildPhase;
			buildActionMask = 2147483647;
			files = (
			);
			runOnlyForDeploymentPostprocessing = 0;
		};
/* End PBXFrameworksBuildPhase section */

/* Begin PBXGroup section */
		3FB4E8FA215E12DB006C32A9 = {
			isa = PBXGroup;
			children = (
				3FB4E905215E12DB006C32A9 /* Demo2 */,
				3FB4E91A215E12DB006C32A9 /* Demo2Tests */,
				3FB4E925215E12DB006C32A9 /* Demo2UITests */,
				3FB4E904215E12DB006C32A9 /* Products */,
			);
			sourceTree = "<group>";
		};
		3FB4E904215E12DB006C32A9 /* Products */ = {
			isa = PBXGroup;
			children = (
				3FB4E903215E12DB006C32A9 /* Demo2.app */,
				3FB4E917215E12DB006C32A9 /* Demo2Tests.xctest */,
				3FB4E922215E12DB006C32A9 /* Demo2UITests.xctest */,
			);
			name = Products;
			sourceTree = "<group>";
		};
		3FB4E905215E12DB006C32A9 /* Demo2 */ = {
			isa = PBXGroup;
			children = (
				3FB4E906215E12DB006C32A9 /* AppDelegate.swift */,
				3FB4E908215E12DB006C32A9 /* ViewController.swift */,
				3FB4E90A215E12DB006C32A9 /* Main.storyboard */,
				3FB4E90D215E12DB006C32A9 /* Assets.xcassets */,
				3FB4E90F215E12DB006C32A9 /* LaunchScreen.storyboard */,
				3FB4E912215E12DB006C32A9 /* Info.plist */,
			);
			path = Demo2;
			sourceTree = "<group>";
		};
		3FB4E91A215E12DB006C32A9 /* Demo2Tests */ = {
			isa = PBXGroup;
			children = (
				3FB4E91B215E12DB006C32A9 /* Demo2Tests.swift */,
				3FB4E91D215E12DB006C32A9 /* Info.plist */,
			);
			path = Demo2Tests;
			sourceTree = "<group>";
		};
		3FB4E925215E12DB006C32A9 /* Demo2UITests */ = {
			isa = PBXGroup;
			children = (
				3FB4E926215E12DB006C32A9 /* Demo2UITests.swift */,
				3FB4E928215E12DB006C32A9 /* Info.plist */,
			);
			path = Demo2UITests;
			sourceTree = "<group>";
		};
/* End PBXGroup section */

/* Begin PBXNativeTarget section */
		3FB4E902215E12DB006C32A9 /* Demo2 */ = {
			isa = PBXNativeTarget;
			buildConfigurationList = 3FB4E92B215E12DB006C32A9 /* Build configuration list for PBXNativeTarget "Demo2" */;
			buildPhases = (
				3FB4E8FF215E12DB006C32A9 /* Sources */,
				3FB4E900215E12DB006C32A9 /* Frameworks */,
				3FB4E901215E12DB006C32A9 /* Resources */,
			);
			buildRules = (
			);
			dependencies = (
			);
			name = Demo2;
			productName = Demo2;
			productReference = 3FB4E903215E12DB006C32A9 /* Demo2.app */;
			productType = "com.apple.product-type.application";
		};
		3FB4E916215E12DB006C32A9 /* Demo2Tests */ = {
			isa = PBXNativeTarget;
			buildConfigurationList = 3FB4E92E215E12DB006C32A9 /* Build configuration list for PBXNativeTarget "Demo2Tests" */;
			buildPhases = (
				3FB4E913215E12DB006C32A9 /* Sources */,
				3FB4E914215E12DB006C32A9 /* Frameworks */,
				3FB4E915215E12DB006C32A9 /* Resources */,
			);
			buildRules = (
			);
			dependencies = (
				3FB4E919215E12DB006C32A9 /* PBXTargetDependency */,
			);
			name = Demo2Tests;
			productName = Demo2Tests;
			productReference = 3FB4E917215E12DB006C32A9 /* Demo2Tests.xctest */;
			productType = "com.apple.product-type.bundle.unit-test";
		};
		3FB4E921215E12DB006C32A9 /* Demo2UITests */ = {
			isa = PBXNativeTarget;
			buildConfigurationList = 3FB4E931215E12DB006C32A9 /* Build configuration list for PBXNativeTarget "Demo2UITests" */;
			buildPhases = (
				3FB4E91E215E12DB006C32A9 /* Sources */,
				3FB4E91F215E12DB006C32A9 /* Frameworks */,
				3FB4E920215E12DB006C32A9 /* Resources */,
			);
			buildRules = (
			);
			dependencies = (
				3FB4E924215E12DB006C32A9 /* PBXTargetDependency */,
			);
			name = Demo2UITests;
			productName = Demo2UITests;
			productReference = 3FB4E922215E12DB006C32A9 /* Demo2UITests.xctest */;
			productType = "com.apple.product-type.bundle.ui-testing";
		};
/* End PBXNativeTarget section */

/* Begin PBXProject section */
		3FB4E8FB215E12DB006C32A9 /* Project object */ = {
			isa = PBXProject;
			attributes = {
				LastSwiftUpdateCheck = 0920;
				LastUpgradeCheck = 0920;
				ORGANIZATIONNAME = student;
				TargetAttributes = {
					3FB4E902215E12DB006C32A9 = {
						CreatedOnToolsVersion = 9.2;
						ProvisioningStyle = Automatic;
					};
					3FB4E916215E12DB006C32A9 = {
						CreatedOnToolsVersion = 9.2;
						ProvisioningStyle = Automatic;
						TestTargetID = 3FB4E902215E12DB006C32A9;
					};
					3FB4E921215E12DB006C32A9 = {
						CreatedOnToolsVersion = 9.2;
						ProvisioningStyle = Automatic;
						TestTargetID = 3FB4E902215E12DB006C32A9;
					};
				};
			};
			buildConfigurationList = 3FB4E8FE215E12DB006C32A9 /* Build configuration list for PBXProject "Demo2" */;
			compatibilityVersion = "Xcode 8.0";
			developmentRegion = en;
			hasScannedForEncodings = 0;
			knownRegions = (
				en,
				Base,
			);
			mainGroup = 3FB4E8FA215E12DB006C32A9;
			productRefGroup = 3FB4E904215E12DB006C32A9 /* Products */;
			projectDirPath = "";
			projectRoot = "";
			targets = (
				3FB4E902215E12DB006C32A9 /* Demo2 */,
				3FB4E916215E12DB006C32A9 /* Demo2Tests */,
				3FB4E921215E12DB006C32A9 /* Demo2UITests */,
			);
		};
/* End PBXProject section */

/* Begin PBXResourcesBuildPhase section */
		3FB4E901215E12DB006C32A9 /* Resources */ = {
			isa = PBXResourcesBuildPhase;
			buildActionMask = 2147483647;
			files = (
				3FB4E911215E12DB006C32A9 /* LaunchScreen.storyboard in Resources */,
				3FB4E90E215E12DB006C32A9 /* Assets.xcassets in Resources */,
				3FB4E90C215E12DB006C32A9 /* Main.storyboard in Resources */,
			);
			runOnlyForDeploymentPostprocessing = 0;
		};
		3FB4E915215E12DB006C32A9 /* Resources */ = {
			isa = PBXResourcesBuildPhase;
			buildActionMask = 2147483647;
			files = (
			);
			runOnlyForDeploymentPostprocessing = 0;
		};
		3FB4E920215E12DB006C32A9 /* Resources */ = {
			isa = PBXResourcesBuildPhase;
			buildActionMask = 2147483647;
			files = (
			);
			runOnlyForDeploymentPostprocessing = 0;
		};
/* End PBXResourcesBuildPhase section */

/* Begin PBXSourcesBuildPhase section */
		3FB4E8FF215E12DB006C32A9 /* Sources */ = {
			isa = PBXSourcesBuildPhase;
			buildActionMask = 2147483647;
			files = (
				3FB4E909215E12DB006C32A9 /* ViewController.swift in Sources */,
				3FB4E907215E12DB006C32A9 /* AppDelegate.swift in Sources */,
			);
			runOnlyForDeploymentPostprocessing = 0;
		};
		3FB4E913215E12DB006C32A9 /* Sources */ = {
			isa = PBXSourcesBuildPhase;
			buildActionMask = 2147483647;
			files = (
				3FB4E91C215E12DB006C32A9 /* Demo2Tests.swift in Sources */,
			);
			runOnlyForDeploymentPostprocessing = 0;
		};
		3FB4E91E215E12DB006C32A9 /* Sources */ = {
			isa = PBXSourcesBuildPhase;
			buildActionMask = 2147483647;
			files = (
				3FB4E927215E12DB006C32A9 /* Demo2UITests.swift in Sources */,
			);
			runOnlyForDeploymentPostprocessing = 0;
		};
/* End PBXSourcesBuildPhase section */

/* Begin PBXTargetDependency section */
		3FB4E919215E12DB006C32A9 /* PBXTargetDependency */ = {
			isa = PBXTargetDependency;
			target = 3FB4E902215E12DB006C32A9 /* Demo2 */;
			targetProxy = 3FB4E918215E12DB006C32A9 /* PBXContainerItemProxy */;
		};
		3FB4E924215E12DB006C32A9 /* PBXTargetDependency */ = {
			isa = PBXTargetDependency;
			target = 3FB4E902215E12DB006C32A9 /* Demo2 */;
			targetProxy = 3FB4E923215E12DB006C32A9 /* PBXContainerItemProxy */;
		};
/* End PBXTargetDependency section */

/* Begin PBXVariantGroup section */
		3FB4E90A215E12DB006C32A9 /* Main.storyboard */ = {
			isa = PBXVariantGroup;
			children = (
				3FB4E90B215E12DB006C32A9 /* Base */,
			);
			name = Main.storyboard;
			sourceTree = "<group>";
		};
		3FB4E90F215E12DB006C32A9 /* LaunchScreen.storyboard */ = {
			isa = PBXVariantGroup;
			children = (
				3FB4E910215E12DB006C32A9 /* Base */,
			);
			name = LaunchScreen.storyboard;
			sourceTree = "<group>";
		};
/* End PBXVariantGroup section */

/* Begin XCBuildConfiguration section */
		3FB4E929215E12DB006C32A9 /* Debug */ = {
			isa = XCBuildConfiguration;
			buildSettings = {
				ALWAYS_SEARCH_USER_PATHS = NO;
				CLANG_ANALYZER_NONNULL = YES;
				CLANG_ANALYZER_NUMBER_OBJECT_CONVERSION = YES_AGGRESSIVE;
				CLANG_CXX_LANGUAGE_STANDARD = "gnu++14";
				CLANG_CXX_LIBRARY = "libc++";
				CLANG_ENABLE_MODULES = YES;
				CLANG_ENABLE_OBJC_ARC = YES;
				CLANG_WARN_BLOCK_CAPTURE_AUTORELEASING = YES;
				CLANG_WARN_BOOL_CONVERSION = YES;
				CLANG_WARN_COMMA = YES;
				CLANG_WARN_CONSTANT_CONVERSION = YES;
				CLANG_WARN_DIRECT_OBJC_ISA_USAGE = YES_ERROR;
				CLANG_WARN_DOCUMENTATION_COMMENTS = YES;
				CLANG_WARN_EMPTY_BODY = YES;
				CLANG_WARN_ENUM_CONVERSION = YES;
				CLANG_WARN_INFINITE_RECURSION = YES;
				CLANG_WARN_INT_CONVERSION = YES;
				CLANG_WARN_NON_LITERAL_NULL_CONVERSION = YES;
				CLANG_WARN_OBJC_LITERAL_CONVERSION = YES;
				CLANG_WARN_OBJC_ROOT_CLASS = YES_ERROR;
				CLANG_WARN_RANGE_LOOP_ANALYSIS = YES;
				CLANG_WARN_STRICT_PROTOTYPES = YES;
				CLANG_WARN_SUSPICIOUS_MOVE = YES;
				CLANG_WARN_UNGUARDED_AVAILABILITY = YES_AGGRESSIVE;
				CLANG_WARN_UNREACHABLE_CODE = YES;
				CLANG_WARN__DUPLICATE_METHOD_MATCH = YES;
				CODE_SIGN_IDENTITY = "iPhone Developer";
				COPY_PHASE_STRIP = NO;
				DEBUG_INFORMATION_FORMAT = dwarf;
				ENABLE_STRICT_OBJC_MSGSEND = YES;
				ENABLE_TESTABILITY = YES;
				GCC_C_LANGUAGE_STANDARD = gnu11;
				GCC_DYNAMIC_NO_PIC = NO;
				GCC_NO_COMMON_BLOCKS = YES;
				GCC_OPTIMIZATION_LEVEL = 0;
				GCC_PREPROCESSOR_DEFINITIONS = (
					"DEBUG=1",
					"$(inherited)",
				);
				GCC_WARN_64_TO_32_BIT_CONVERSION = YES;
				GCC_WARN_ABOUT_RETURN_TYPE = YES_ERROR;
				GCC_WARN_UNDECLARED_SELECTOR = YES;
				GCC_WARN_UNINITIALIZED_AUTOS = YES_AGGRESSIVE;
				GCC_WARN_UNUSED_FUNCTION = YES;
				GCC_WARN_UNUSED_VARIABLE = YES;
				IPHONEOS_DEPLOYMENT_TARGET = 11.2;
				MTL_ENABLE_DEBUG_INFO = YES;
				ONLY_ACTIVE_ARCH = YES;
				SDKROOT = iphoneos;
				SWIFT_ACTIVE_COMPILATION_CONDITIONS = DEBUG;
				SWIFT_OPTIMIZATION_LEVEL = "-Onone";
			};
			name = Debug;
		};
		3FB4E92A215E12DB006C32A9 /* Release */ = {
			isa = XCBuildConfiguration;
			buildSettings = {
				ALWAYS_SEARCH_USER_PATHS = NO;
				CLANG_ANALYZER_NONNULL = YES;
				CLANG_ANALYZER_NUMBER_OBJECT_CONVERSION = YES_AGGRESSIVE;
				CLANG_CXX_LANGUAGE_STANDARD = "gnu++14";
				CLANG_CXX_LIBRARY = "libc++";
				CLANG_ENABLE_MODULES = YES;
				CLANG_ENABLE_OBJC_ARC = YES;
				CLANG_WARN_BLOCK_CAPTURE_AUTORELEASING = YES;
				CLANG_WARN_BOOL_CONVERSION = YES;
				CLANG_WARN_COMMA = YES;
				CLANG_WARN_CONSTANT_CONVERSION = YES;
				CLANG_WARN_DIRECT_OBJC_ISA_USAGE = YES_ERROR;
				CLANG_WARN_DOCUMENTATION_COMMENTS = YES;
				CLANG_WARN_EMPTY_BODY = YES;
				CLANG_WARN_ENUM_CONVERSION = YES;
				CLANG_WARN_INFINITE_RECURSION = YES;
				CLANG_WARN_INT_CONVERSION = YES;
				CLANG_WARN_NON_LITERAL_NULL_CONVERSION = YES;
				CLANG_WARN_OBJC_LITERAL_CONVERSION = YES;
				CLANG_WARN_OBJC_ROOT_CLASS = YES_ERROR;
				CLANG_WARN_RANGE_LOOP_ANALYSIS = YES;
				CLANG_WARN_STRICT_PROTOTYPES = YES;
				CLANG_WARN_SUSPICIOUS_MOVE = YES;
				CLANG_WARN_UNGUARDED_AVAILABILITY = YES_AGGRESSIVE;
				CLANG_WARN_UNREACHABLE_CODE = YES;
				CLANG_WARN__DUPLICATE_METHOD_MATCH = YES;
				CODE_SIGN_IDENTITY = "iPhone Developer";
				COPY_PHASE_STRIP = NO;
				DEBUG_INFORMATION_FORMAT = "dwarf-with-dsym";
				ENABLE_NS_ASSERTIONS = NO;
				ENABLE_STRICT_OBJC_MSGSEND = YES;
				GCC_C_LANGUAGE_STANDARD = gnu11;
				GCC_NO_COMMON_BLOCKS = YES;
				GCC_WARN_64_TO_32_BIT_CONVERSION = YES;
				GCC_WARN_ABOUT_RETURN_TYPE = YES_ERROR;
				GCC_WARN_UNDECLARED_SELECTOR = YES;
				GCC_WARN_UNINITIALIZED_AUTOS = YES_AGGRESSIVE;
				GCC_WARN_UNUSED_FUNCTION = YES;
				GCC_WARN_UNUSED_VARIABLE = YES;
				IPHONEOS_DEPLOYMENT_TARGET = 11.2;
				MTL_ENABLE_DEBUG_INFO = NO;
				SDKROOT = iphoneos;
				SWIFT_OPTIMIZATION_LEVEL = "-Owholemodule";
				VALIDATE_PRODUCT = YES;
			};
			name = Release;
		};
		3FB4E92C215E12DB006C32A9 /* Debug */ = {
			isa = XCBuildConfiguration;
			buildSettings = {
				ASSETCATALOG_COMPILER_APPICON_NAME = AppIcon;
				CODE_SIGN_STYLE = Automatic;
				INFOPLIST_FILE = Demo2/Info.plist;
				LD_RUNPATH_SEARCH_PATHS = "$(inherited) @executable_path/Frameworks";
				PRODUCT_BUNDLE_IDENTIFIER = "-1960.hosts.ma-cloud.nl.Demo2";
				PRODUCT_NAME = "$(TARGET_NAME)";
				SWIFT_VERSION = 4.0;
				TARGETED_DEVICE_FAMILY = "1,2";
			};
			name = Debug;
		};
		3FB4E92D215E12DB006C32A9 /* Release */ = {
			isa = XCBuildConfiguration;
			buildSettings = {
				ASSETCATALOG_COMPILER_APPICON_NAME = AppIcon;
				CODE_SIGN_STYLE = Automatic;
				INFOPLIST_FILE = Demo2/Info.plist;
				LD_RUNPATH_SEARCH_PATHS = "$(inherited) @executable_path/Frameworks";
				PRODUCT_BUNDLE_IDENTIFIER = "-1960.hosts.ma-cloud.nl.Demo2";
				PRODUCT_NAME = "$(TARGET_NAME)";
				SWIFT_VERSION = 4.0;
				TARGETED_DEVICE_FAMILY = "1,2";
			};
			name = Release;
		};
		3FB4E92F215E12DB006C32A9 /* Debug */ = {
			isa = XCBuildConfiguration;
			buildSettings = {
				ALWAYS_EMBED_SWIFT_STANDARD_LIBRARIES = YES;
				BUNDLE_LOADER = "$(TEST_HOST)";
				CODE_SIGN_STYLE = Automatic;
				INFOPLIST_FILE = Demo2Tests/Info.plist;
				LD_RUNPATH_SEARCH_PATHS = "$(inherited) @executable_path/Frameworks @loader_path/Frameworks";
				PRODUCT_BUNDLE_IDENTIFIER = "-1960.hosts.ma-cloud.nl.Demo2Tests";
				PRODUCT_NAME = "$(TARGET_NAME)";
				SWIFT_VERSION = 4.0;
				TARGETED_DEVICE_FAMILY = "1,2";
				TEST_HOST = "$(BUILT_PRODUCTS_DIR)/Demo2.app/Demo2";
			};
			name = Debug;
		};
		3FB4E930215E12DB006C32A9 /* Release */ = {
			isa = XCBuildConfiguration;
			buildSettings = {
				ALWAYS_EMBED_SWIFT_STANDARD_LIBRARIES = YES;
				BUNDLE_LOADER = "$(TEST_HOST)";
				CODE_SIGN_STYLE = Automatic;
				INFOPLIST_FILE = Demo2Tests/Info.plist;
				LD_RUNPATH_SEARCH_PATHS = "$(inherited) @executable_path/Frameworks @loader_path/Frameworks";
				PRODUCT_BUNDLE_IDENTIFIER = "-1960.hosts.ma-cloud.nl.Demo2Tests";
				PRODUCT_NAME = "$(TARGET_NAME)";
				SWIFT_VERSION = 4.0;
				TARGETED_DEVICE_FAMILY = "1,2";
				TEST_HOST = "$(BUILT_PRODUCTS_DIR)/Demo2.app/Demo2";
			};
			name = Release;
		};
		3FB4E932215E12DB006C32A9 /* Debug */ = {
			isa = XCBuildConfiguration;
			buildSettings = {
				ALWAYS_EMBED_SWIFT_STANDARD_LIBRARIES = YES;
				CODE_SIGN_STYLE = Automatic;
				INFOPLIST_FILE = Demo2UITests/Info.plist;
				LD_RUNPATH_SEARCH_PATHS = "$(inherited) @executable_path/Frameworks @loader_path/Frameworks";
				PRODUCT_BUNDLE_IDENTIFIER = "-1960.hosts.ma-cloud.nl.Demo2UITests";
				PRODUCT_NAME = "$(TARGET_NAME)";
				SWIFT_VERSION = 4.0;
				TARGETED_DEVICE_FAMILY = "1,2";
				TEST_TARGET_NAME = Demo2;
			};
			name = Debug;
		};
		3FB4E933215E12DB006C32A9 /* Release */ = {
			isa = XCBuildConfiguration;
			buildSettings = {
				ALWAYS_EMBED_SWIFT_STANDARD_LIBRARIES = YES;
				CODE_SIGN_STYLE = Automatic;
				INFOPLIST_FILE = Demo2UITests/Info.plist;
				LD_RUNPATH_SEARCH_PATHS = "$(inherited) @executable_path/Frameworks @loader_path/Frameworks";
				PRODUCT_BUNDLE_IDENTIFIER = "-1960.hosts.ma-cloud.nl.Demo2UITests";
				PRODUCT_NAME = "$(TARGET_NAME)";
				SWIFT_VERSION = 4.0;
				TARGETED_DEVICE_FAMILY = "1,2";
				TEST_TARGET_NAME = Demo2;
			};
			name = Release;
		};
/* End XCBuildConfiguration section */

/* Begin XCConfigurationList section */
		3FB4E8FE215E12DB006C32A9 /* Build configuration list for PBXProject "Demo2" */ = {
			isa = XCConfigurationList;
			buildConfigurations = (
				3FB4E929215E12DB006C32A9 /* Debug */,
				3FB4E92A215E12DB006C32A9 /* Release */,
			);
			defaultConfigurationIsVisible = 0;
			defaultConfigurationName = Release;
		};
		3FB4E92B215E12DB006C32A9 /* Build configuration list for PBXNativeTarget "Demo2" */ = {
			isa = XCConfigurationList;
			buildConfigurations = (
				3FB4E92C215E12DB006C32A9 /* Debug */,
				3FB4E92D215E12DB006C32A9 /* Release */,
			);
			defaultConfigurationIsVisible = 0;
			defaultConfigurationName = Release;
		};
		3FB4E92E215E12DB006C32A9 /* Build configuration list for PBXNativeTarget "Demo2Tests" */ = {
			isa = XCConfigurationList;
			buildConfigurations = (
				3FB4E92F215E12DB006C32A9 /* Debug */,
				3FB4E930215E12DB006C32A9 /* Release */,
			);
			defaultConfigurationIsVisible = 0;
			defaultConfigurationName = Release;
		};
		3FB4E931215E12DB006C32A9 /* Build configuration list for PBXNativeTarget "Demo2UITests" */ = {
			isa = XCConfigurationList;
			buildConfigurations = (
				3FB4E932215E12DB006C32A9 /* Debug */,
				3FB4E933215E12DB006C32A9 /* Release */,
			);
			defaultConfigurationIsVisible = 0;
			defaultConfigurationName = Release;
		};
/* End XCConfigurationList section */
	};
	rootObject = 3FB4E8FB215E12DB006C32A9 /* Project object */;
}
